
Microsoft Visual Studio Solution File, Format Version 12.00
# Visual Studio Version 17
VisualStudioVersion = 17.9.34622.214
MinimumVisualStudioVersion = 10.0.40219.1
Project("{FAE04EC0-301F-11D3-BF4B-00C04F79EFBC}") = "RazorViewEngine2", "RazorViewEngine2\RazorViewEngine2.csproj", "{EBE1F838-0F06-4BC9-BDBE-634CD29692F5}"
EndProject
Global
	GlobalSection(SolutionConfigurationPlatforms) = preSolution
		Debug|Any CPU = Debug|Any CPU
		Release|Any CPU = Release|Any CPU
	EndGlobalSection
	GlobalSection(ProjectConfigurationPlatforms) = postSolution
		{EBE1F838-0F06-4BC9-BDBE-634CD29692F5}.Debug|Any CPU.ActiveCfg = Debug|Any CPU
		{EBE1F838-0F06-4BC9-BDBE-634CD29692F5}.Debug|Any CPU.Build.0 = Debug|Any CPU
		{EBE1F838-0F06-4BC9-BDBE-634CD29692F5}.Release|Any CPU.ActiveCfg = Release|Any CPU
		{EBE1F838-0F06-4BC9-BDBE-634CD29692F5}.Release|Any CPU.Build.0 = Release|Any CPU
	EndGlobalSection
	GlobalSection(SolutionProperties) = preSolution
		HideSolutionNode = FALSE
	EndGlobalSection
	GlobalSection(ExtensibilityGlobals) = postSolution
		SolutionGuid = {475E0668-D937-47B4-87F8-C02758E82D3D}
	EndGlobalSection
EndGlobal
