
Microsoft Visual Studio Solution File, Format Version 12.00
# Visual Studio Version 17
VisualStudioVersion = 17.9.34622.214
MinimumVisualStudioVersion = 10.0.40219.1
Project("{FAE04EC0-301F-11D3-BF4B-00C04F79EFBC}") = "RazorSyntax", "RazorSyntax\RazorSyntax.csproj", "{886A5BFD-DDA1-4561-9E86-CF313DDFD3E1}"
EndProject
Global
	GlobalSection(SolutionConfigurationPlatforms) = preSolution
		Debug|Any CPU = Debug|Any CPU
		Release|Any CPU = Release|Any CPU
	EndGlobalSection
	GlobalSection(ProjectConfigurationPlatforms) = postSolution
		{886A5BFD-DDA1-4561-9E86-CF313DDFD3E1}.Debug|Any CPU.ActiveCfg = Debug|Any CPU
		{886A5BFD-DDA1-4561-9E86-CF313DDFD3E1}.Debug|Any CPU.Build.0 = Debug|Any CPU
		{886A5BFD-DDA1-4561-9E86-CF313DDFD3E1}.Release|Any CPU.ActiveCfg = Release|Any CPU
		{886A5BFD-DDA1-4561-9E86-CF313DDFD3E1}.Release|Any CPU.Build.0 = Release|Any CPU
	EndGlobalSection
	GlobalSection(SolutionProperties) = preSolution
		HideSolutionNode = FALSE
	EndGlobalSection
	GlobalSection(ExtensibilityGlobals) = postSolution
		SolutionGuid = {E33A17D5-FA2A-47C6-802D-F3491FF763C2}
	EndGlobalSection
EndGlobal
